
Microsoft Visual Studio Solution File, Format Version 12.00
# Visual Studio Version 17
VisualStudioVersion = 17.9.34616.47
MinimumVisualStudioVersion = 10.0.40219.1
Project("{FAE04EC0-301F-11D3-BF4B-00C04F79EFBC}") = "src\Thunders.Tasks.API", "src\Thunders.Tasks.API\Thunders.Tasks.API.csproj", "{3143F111-6D2A-456F-8201-6CA9074662ED}"
EndProject
Global
	GlobalSection(SolutionConfigurationPlatforms) = preSolution
		Debug|Any CPU = Debug|Any CPU
		Release|Any CPU = Release|Any CPU
	EndGlobalSection
	GlobalSection(ProjectConfigurationPlatforms) = postSolution
		{3143F111-6D2A-456F-8201-6CA9074662ED}.Debug|Any CPU.ActiveCfg = Debug|Any CPU
		{3143F111-6D2A-456F-8201-6CA9074662ED}.Debug|Any CPU.Build.0 = Debug|Any CPU
		{3143F111-6D2A-456F-8201-6CA9074662ED}.Release|Any CPU.ActiveCfg = Release|Any CPU
		{3143F111-6D2A-456F-8201-6CA9074662ED}.Release|Any CPU.Build.0 = Release|Any CPU
	EndGlobalSection
	GlobalSection(SolutionProperties) = preSolution
		HideSolutionNode = FALSE
	EndGlobalSection
	GlobalSection(ExtensibilityGlobals) = postSolution
		SolutionGuid = {29B31FAE-8217-43B7-90E9-39FD017239BC}
	EndGlobalSection
EndGlobal
